
Microsoft Visual Studio Solution File, Format Version 12.00
# Visual Studio Version 17
VisualStudioVersion = 17.8.34525.116
MinimumVisualStudioVersion = 10.0.40219.1
Project("{FAE04EC0-301F-11D3-BF4B-00C04F79EFBC}") = "PeliculasAPI_Udemy", "PeliculasAPI_Udemy.csproj", "{221995FD-3E52-4C0D-BD16-1837C0B56CD6}"
EndProject
Global
	GlobalSection(SolutionConfigurationPlatforms) = preSolution
		Debug|Any CPU = Debug|Any CPU
		Release|Any CPU = Release|Any CPU
	EndGlobalSection
	GlobalSection(ProjectConfigurationPlatforms) = postSolution
		{221995FD-3E52-4C0D-BD16-1837C0B56CD6}.Debug|Any CPU.ActiveCfg = Debug|Any CPU
		{221995FD-3E52-4C0D-BD16-1837C0B56CD6}.Debug|Any CPU.Build.0 = Debug|Any CPU
		{221995FD-3E52-4C0D-BD16-1837C0B56CD6}.Release|Any CPU.ActiveCfg = Release|Any CPU
		{221995FD-3E52-4C0D-BD16-1837C0B56CD6}.Release|Any CPU.Build.0 = Release|Any CPU
	EndGlobalSection
	GlobalSection(SolutionProperties) = preSolution
		HideSolutionNode = FALSE
	EndGlobalSection
	GlobalSection(ExtensibilityGlobals) = postSolution
		SolutionGuid = {498B605D-38BF-498F-90E5-7CD8631E646A}
	EndGlobalSection
EndGlobal
